<?xml version="1.0" encoding="utf-8"?>
<Project ToolsVersion="4.0" xmlns="http://schemas.microsoft.com/developer/msbuild/2003">
  <ItemGroup>
    <Filter Include="ソース ファイル">
      <UniqueIdentifier>{4FC737F1-C7A5-4376-A066-2A32D752A2FF}</UniqueIdentifier>
      <Extensions>cpp;c;cc;cxx;def;odl;idl;hpj;bat;asm;asmx</Extensions>
    </Filter>
    <Filter Include="リソース ファイル">
      <UniqueIdentifier>{67DA6AB6-F800-4c08-8B7A-83BB121AAD01}</UniqueIdentifier>
      <Extensions>rc;ico;cur;bmp;dlg;rc2;rct;bin;rgs;gif;jpg;jpeg;jpe;resx;tiff;tif;png;wav;mfcribbon-ms</Extensions>
    </Filter>
    <Filter Include="ソース ファイル\InstantClass">
      <UniqueIdentifier>{ca244042-a997-4008-987b-4fe9a7f7d522}</UniqueIdentifier>
    </Filter>
    <Filter Include="ソース ファイル\InstantClass\Transform">
      <UniqueIdentifier>{25d6ef4d-5cb7-46e6-9e47-3821fec994cb}</UniqueIdentifier>
    </Filter>
  </ItemGroup>
  <ItemGroup>
    <ClCompile Include="Class\Transform.cpp">
      <Filter>ソース ファイル\InstantClass\Transform</Filter>
    </ClCompile>
  </ItemGroup>
  <ItemGroup>
    <ClInclude Include="Class\Transform.h">
      <Filter>ソース ファイル\InstantClass\Transform</Filter>
    </ClInclude>
  </ItemGroup>
</Project>